
Microsoft Visual Studio Solution File, Format Version 12.00
# Visual Studio Version 16
VisualStudioVersion = 16.0.30105.148
MinimumVisualStudioVersion = 10.0.40219.1
Project("{9A19103F-16F7-4668-BE54-9A1E7A4F7556}") = "AutoRetweeter", "AutoRetweeter\AutoRetweeter.csproj", "{EF006D4A-37C1-4EC5-9D7B-9AAA2552E2AA}"
EndProject
Project("{2150E333-8FDC-42A3-9474-1A3956D46DE8}") = "Support", "Support", "{FF050C04-B6F3-41DF-B7B1-C0F1568F7DAF}"
	ProjectSection(SolutionItems) = preProject
		.dockerignore = .dockerignore
		.gitignore = .gitignore
		LICENSE = LICENSE
		README.md = README.md
	EndProjectSection
EndProject
Global
	GlobalSection(SolutionConfigurationPlatforms) = preSolution
		Debug|Any CPU = Debug|Any CPU
		Release|Any CPU = Release|Any CPU
	EndGlobalSection
	GlobalSection(ProjectConfigurationPlatforms) = postSolution
		{EF006D4A-37C1-4EC5-9D7B-9AAA2552E2AA}.Debug|Any CPU.ActiveCfg = Debug|Any CPU
		{EF006D4A-37C1-4EC5-9D7B-9AAA2552E2AA}.Debug|Any CPU.Build.0 = Debug|Any CPU
		{EF006D4A-37C1-4EC5-9D7B-9AAA2552E2AA}.Release|Any CPU.ActiveCfg = Release|Any CPU
		{EF006D4A-37C1-4EC5-9D7B-9AAA2552E2AA}.Release|Any CPU.Build.0 = Release|Any CPU
	EndGlobalSection
	GlobalSection(SolutionProperties) = preSolution
		HideSolutionNode = FALSE
	EndGlobalSection
	GlobalSection(ExtensibilityGlobals) = postSolution
		SolutionGuid = {A5A33703-1A91-45DE-8DDE-8B7C34E73D1C}
	EndGlobalSection
EndGlobal
